
Microsoft Visual Studio Solution File, Format Version 12.00
# Visual Studio Version 17
VisualStudioVersion = 17.10.35122.118
MinimumVisualStudioVersion = 10.0.40219.1
Project("{FAE04EC0-301F-11D3-BF4B-00C04F79EFBC}") = "WorkShopHW03ex1", "WorkShopHW03ex1.csproj", "{0D1C9161-64E8-40F5-8E7B-A300EFA786DA}"
EndProject
Project("{FAE04EC0-301F-11D3-BF4B-00C04F79EFBC}") = "WorkShopHW03ex2", "..\WorkShopHW03ex2\WorkShopHW03ex2.csproj", "{C696816D-7DB3-48C6-98A7-B26BEDC45FEF}"
EndProject
Global
	GlobalSection(SolutionConfigurationPlatforms) = preSolution
		Debug|Any CPU = Debug|Any CPU
		Release|Any CPU = Release|Any CPU
	EndGlobalSection
	GlobalSection(ProjectConfigurationPlatforms) = postSolution
		{0D1C9161-64E8-40F5-8E7B-A300EFA786DA}.Debug|Any CPU.ActiveCfg = Debug|Any CPU
		{0D1C9161-64E8-40F5-8E7B-A300EFA786DA}.Debug|Any CPU.Build.0 = Debug|Any CPU
		{0D1C9161-64E8-40F5-8E7B-A300EFA786DA}.Release|Any CPU.ActiveCfg = Release|Any CPU
		{0D1C9161-64E8-40F5-8E7B-A300EFA786DA}.Release|Any CPU.Build.0 = Release|Any CPU
		{C696816D-7DB3-48C6-98A7-B26BEDC45FEF}.Debug|Any CPU.ActiveCfg = Debug|Any CPU
		{C696816D-7DB3-48C6-98A7-B26BEDC45FEF}.Debug|Any CPU.Build.0 = Debug|Any CPU
		{C696816D-7DB3-48C6-98A7-B26BEDC45FEF}.Release|Any CPU.ActiveCfg = Release|Any CPU
		{C696816D-7DB3-48C6-98A7-B26BEDC45FEF}.Release|Any CPU.Build.0 = Release|Any CPU
	EndGlobalSection
	GlobalSection(SolutionProperties) = preSolution
		HideSolutionNode = FALSE
	EndGlobalSection
	GlobalSection(ExtensibilityGlobals) = postSolution
		SolutionGuid = {A42739C4-A18F-4A3C-A1B3-B2B9A0DBC963}
	EndGlobalSection
EndGlobal
